
Microsoft Visual Studio Solution File, Format Version 12.00
# Visual Studio Version 17
VisualStudioVersion = 17.4.33122.133
MinimumVisualStudioVersion = 10.0.40219.1
Project("{FAE04EC0-301F-11D3-BF4B-00C04F79EFBC}") = "FinalDesafio", "FinalDesafio\FinalDesafio.csproj", "{1E28AB83-3B09-4681-B176-A94958FEB765}"
EndProject
Global
	GlobalSection(SolutionConfigurationPlatforms) = preSolution
		Debug|Any CPU = Debug|Any CPU
		Release|Any CPU = Release|Any CPU
	EndGlobalSection
	GlobalSection(ProjectConfigurationPlatforms) = postSolution
		{1E28AB83-3B09-4681-B176-A94958FEB765}.Debug|Any CPU.ActiveCfg = Debug|Any CPU
		{1E28AB83-3B09-4681-B176-A94958FEB765}.Debug|Any CPU.Build.0 = Debug|Any CPU
		{1E28AB83-3B09-4681-B176-A94958FEB765}.Release|Any CPU.ActiveCfg = Release|Any CPU
		{1E28AB83-3B09-4681-B176-A94958FEB765}.Release|Any CPU.Build.0 = Release|Any CPU
	EndGlobalSection
	GlobalSection(SolutionProperties) = preSolution
		HideSolutionNode = FALSE
	EndGlobalSection
	GlobalSection(ExtensibilityGlobals) = postSolution
		SolutionGuid = {FA2DD5F7-E783-4D24-84BE-3A3CB9A79ED4}
	EndGlobalSection
EndGlobal
